{
  "name": "form-cli",
  "version": "1.0.3",
  "lockfileVersion": 3,
  "requires": true,
  "packages": {
    "": {
      "name": "form-cli",
      "version": "1.0.3",
      "dependencies": {
        "@digitalattitude/printer": "git+https://github.com/dtttd/node-printer.git",
        "chalk": "^2.4.2",
        "moment": "^2.24.0",
        "readline-sync": "^1.4.9",
        "tty-table": "^2.7.1",
        "yargs": "^13.2.4"
      }
    }
  }
}
